
Microsoft Visual Studio Solution File, Format Version 12.00
# Visual Studio Version 17
VisualStudioVersion = 17.13.35919.96
MinimumVisualStudioVersion = 10.0.40219.1
Project("{FAE04EC0-301F-11D3-BF4B-00C04F79EFBC}") = "metodi", "metodi\metodi.csproj", "{76A1B804-F665-45FC-BCEB-DC334869CF6F}"
EndProject
Project("{FAE04EC0-301F-11D3-BF4B-00C04F79EFBC}") = "metodzadanie", "metodzadanie\metodzadanie.csproj", "{238928BB-EE55-4DFA-886F-35139EC598E2}"
EndProject
Project("{FAE04EC0-301F-11D3-BF4B-00C04F79EFBC}") = "metodi1", "metodi1\metodi1.csproj", "{1A7BE4F9-2F26-44A3-BEF7-9AE280005C4E}"
EndProject
Project("{FAE04EC0-301F-11D3-BF4B-00C04F79EFBC}") = "domzad", "domzad\domzad.csproj", "{FB52B2A0-FCBC-40FB-B65C-CD6FF399B872}"
EndProject
Global
	GlobalSection(SolutionConfigurationPlatforms) = preSolution
		Debug|Any CPU = Debug|Any CPU
		Release|Any CPU = Release|Any CPU
	EndGlobalSection
	GlobalSection(ProjectConfigurationPlatforms) = postSolution
		{76A1B804-F665-45FC-BCEB-DC334869CF6F}.Debug|Any CPU.ActiveCfg = Debug|Any CPU
		{76A1B804-F665-45FC-BCEB-DC334869CF6F}.Debug|Any CPU.Build.0 = Debug|Any CPU
		{76A1B804-F665-45FC-BCEB-DC334869CF6F}.Release|Any CPU.ActiveCfg = Release|Any CPU
		{76A1B804-F665-45FC-BCEB-DC334869CF6F}.Release|Any CPU.Build.0 = Release|Any CPU
		{238928BB-EE55-4DFA-886F-35139EC598E2}.Debug|Any CPU.ActiveCfg = Debug|Any CPU
		{238928BB-EE55-4DFA-886F-35139EC598E2}.Debug|Any CPU.Build.0 = Debug|Any CPU
		{238928BB-EE55-4DFA-886F-35139EC598E2}.Release|Any CPU.ActiveCfg = Release|Any CPU
		{238928BB-EE55-4DFA-886F-35139EC598E2}.Release|Any CPU.Build.0 = Release|Any CPU
		{1A7BE4F9-2F26-44A3-BEF7-9AE280005C4E}.Debug|Any CPU.ActiveCfg = Debug|Any CPU
		{1A7BE4F9-2F26-44A3-BEF7-9AE280005C4E}.Debug|Any CPU.Build.0 = Debug|Any CPU
		{1A7BE4F9-2F26-44A3-BEF7-9AE280005C4E}.Release|Any CPU.ActiveCfg = Release|Any CPU
		{1A7BE4F9-2F26-44A3-BEF7-9AE280005C4E}.Release|Any CPU.Build.0 = Release|Any CPU
		{FB52B2A0-FCBC-40FB-B65C-CD6FF399B872}.Debug|Any CPU.ActiveCfg = Debug|Any CPU
		{FB52B2A0-FCBC-40FB-B65C-CD6FF399B872}.Debug|Any CPU.Build.0 = Debug|Any CPU
		{FB52B2A0-FCBC-40FB-B65C-CD6FF399B872}.Release|Any CPU.ActiveCfg = Release|Any CPU
		{FB52B2A0-FCBC-40FB-B65C-CD6FF399B872}.Release|Any CPU.Build.0 = Release|Any CPU
	EndGlobalSection
	GlobalSection(SolutionProperties) = preSolution
		HideSolutionNode = FALSE
	EndGlobalSection
	GlobalSection(ExtensibilityGlobals) = postSolution
		SolutionGuid = {692C461D-C756-4535-97C6-69AC76F502AA}
	EndGlobalSection
EndGlobal
